
Microsoft Visual Studio Solution File, Format Version 12.00
# Visual Studio Version 16
VisualStudioVersion = 16.0.31702.278
MinimumVisualStudioVersion = 10.0.40219.1
Project("{FAE04EC0-301F-11D3-BF4B-00C04F79EFBC}") = "RestaurantAPI", "RestaurantAPI.csproj", "{E214A14D-C314-4C61-B2F2-28B43A7302FC}"
EndProject
Global
	GlobalSection(SolutionConfigurationPlatforms) = preSolution
		Debug|Any CPU = Debug|Any CPU
		Release|Any CPU = Release|Any CPU
	EndGlobalSection
	GlobalSection(ProjectConfigurationPlatforms) = postSolution
		{E214A14D-C314-4C61-B2F2-28B43A7302FC}.Debug|Any CPU.ActiveCfg = Debug|Any CPU
		{E214A14D-C314-4C61-B2F2-28B43A7302FC}.Debug|Any CPU.Build.0 = Debug|Any CPU
		{E214A14D-C314-4C61-B2F2-28B43A7302FC}.Release|Any CPU.ActiveCfg = Release|Any CPU
		{E214A14D-C314-4C61-B2F2-28B43A7302FC}.Release|Any CPU.Build.0 = Release|Any CPU
	EndGlobalSection
	GlobalSection(SolutionProperties) = preSolution
		HideSolutionNode = FALSE
	EndGlobalSection
	GlobalSection(ExtensibilityGlobals) = postSolution
		SolutionGuid = {635B6599-191C-48F9-B3EE-66F9B1B99086}
	EndGlobalSection
EndGlobal
